
Microsoft Visual Studio Solution File, Format Version 12.00
# Visual Studio 15
VisualStudioVersion = 15.0.28307.271
MinimumVisualStudioVersion = 10.0.40219.1
Project("{FAE04EC0-301F-11D3-BF4B-00C04F79EFBC}") = "Quiz2", "Quiz2\Quiz2.csproj", "{B23AFC0C-86D9-4FBD-AFDC-CF0BDA5FD76A}"
EndProject
Global
	GlobalSection(SolutionConfigurationPlatforms) = preSolution
		Debug|Any CPU = Debug|Any CPU
		Release|Any CPU = Release|Any CPU
	EndGlobalSection
	GlobalSection(ProjectConfigurationPlatforms) = postSolution
		{B23AFC0C-86D9-4FBD-AFDC-CF0BDA5FD76A}.Debug|Any CPU.ActiveCfg = Debug|Any CPU
		{B23AFC0C-86D9-4FBD-AFDC-CF0BDA5FD76A}.Debug|Any CPU.Build.0 = Debug|Any CPU
		{B23AFC0C-86D9-4FBD-AFDC-CF0BDA5FD76A}.Release|Any CPU.ActiveCfg = Release|Any CPU
		{B23AFC0C-86D9-4FBD-AFDC-CF0BDA5FD76A}.Release|Any CPU.Build.0 = Release|Any CPU
	EndGlobalSection
	GlobalSection(SolutionProperties) = preSolution
		HideSolutionNode = FALSE
	EndGlobalSection
	GlobalSection(ExtensibilityGlobals) = postSolution
		SolutionGuid = {778B163A-F374-40A7-841F-CBAE2DDC341C}
	EndGlobalSection
EndGlobal
